
Microsoft Visual Studio Solution File, Format Version 12.00
# Visual Studio Version 17
VisualStudioVersion = 17.4.33205.214
MinimumVisualStudioVersion = 10.0.40219.1
Project("{9A19103F-16F7-4668-BE54-9A1E7A4F7556}") = "BasicC_part6", "BasicC_part6\BasicC_part6.csproj", "{A893BD89-20DC-4214-B3BB-21D829ABDD19}"
EndProject
Project("{FAE04EC0-301F-11D3-BF4B-00C04F79EFBC}") = "OtherProject", "OtherProject\OtherProject.csproj", "{2CB22C26-EF21-4EAD-BF7C-13A243DBF7DF}"
EndProject
Global
	GlobalSection(SolutionConfigurationPlatforms) = preSolution
		Debug|Any CPU = Debug|Any CPU
		Release|Any CPU = Release|Any CPU
	EndGlobalSection
	GlobalSection(ProjectConfigurationPlatforms) = postSolution
		{A893BD89-20DC-4214-B3BB-21D829ABDD19}.Debug|Any CPU.ActiveCfg = Debug|Any CPU
		{A893BD89-20DC-4214-B3BB-21D829ABDD19}.Debug|Any CPU.Build.0 = Debug|Any CPU
		{A893BD89-20DC-4214-B3BB-21D829ABDD19}.Release|Any CPU.ActiveCfg = Release|Any CPU
		{A893BD89-20DC-4214-B3BB-21D829ABDD19}.Release|Any CPU.Build.0 = Release|Any CPU
		{2CB22C26-EF21-4EAD-BF7C-13A243DBF7DF}.Debug|Any CPU.ActiveCfg = Debug|Any CPU
		{2CB22C26-EF21-4EAD-BF7C-13A243DBF7DF}.Debug|Any CPU.Build.0 = Debug|Any CPU
		{2CB22C26-EF21-4EAD-BF7C-13A243DBF7DF}.Release|Any CPU.ActiveCfg = Release|Any CPU
		{2CB22C26-EF21-4EAD-BF7C-13A243DBF7DF}.Release|Any CPU.Build.0 = Release|Any CPU
	EndGlobalSection
	GlobalSection(SolutionProperties) = preSolution
		HideSolutionNode = FALSE
	EndGlobalSection
	GlobalSection(ExtensibilityGlobals) = postSolution
		SolutionGuid = {09544434-5DD9-4376-814D-827A4BDB8F09}
	EndGlobalSection
EndGlobal
